
Microsoft Visual Studio Solution File, Format Version 12.00
# Visual Studio Version 16
VisualStudioVersion = 16.0.34601.136
MinimumVisualStudioVersion = 10.0.40219.1
Project("{FAE04EC0-301F-11D3-BF4B-00C04F79EFBC}") = "Final_Project", "Final_Project\Final_Project.csproj", "{181973EF-64A0-459E-B3AD-D003E1B99B7A}"
EndProject
Global
	GlobalSection(SolutionConfigurationPlatforms) = preSolution
		Debug|Any CPU = Debug|Any CPU
		Release|Any CPU = Release|Any CPU
	EndGlobalSection
	GlobalSection(ProjectConfigurationPlatforms) = postSolution
		{181973EF-64A0-459E-B3AD-D003E1B99B7A}.Debug|Any CPU.ActiveCfg = Debug|Any CPU
		{181973EF-64A0-459E-B3AD-D003E1B99B7A}.Debug|Any CPU.Build.0 = Debug|Any CPU
		{181973EF-64A0-459E-B3AD-D003E1B99B7A}.Release|Any CPU.ActiveCfg = Release|Any CPU
		{181973EF-64A0-459E-B3AD-D003E1B99B7A}.Release|Any CPU.Build.0 = Release|Any CPU
	EndGlobalSection
	GlobalSection(SolutionProperties) = preSolution
		HideSolutionNode = FALSE
	EndGlobalSection
	GlobalSection(ExtensibilityGlobals) = postSolution
		SolutionGuid = {4C2F12E9-BF80-4EDE-A459-69233B61F304}
	EndGlobalSection
EndGlobal
